
Microsoft Visual Studio Solution File, Format Version 12.00
# Visual Studio 14
VisualStudioVersion = 14.0.25420.1
MinimumVisualStudioVersion = 10.0.40219.1
Project("{FAE04EC0-301F-11D3-BF4B-00C04F79EFBC}") = "NetMQServer", "NetMQServer\NetMQServer.csproj", "{3060A61C-9841-428A-9696-5A1B69C9F3BC}"
EndProject
Project("{FAE04EC0-301F-11D3-BF4B-00C04F79EFBC}") = "ZMTP.NET", "ZMTP.NET\ZMTP.NET.csproj", "{AB37259A-3C1E-4C98-A174-BBDEB62005CE}"
EndProject
Project("{FAE04EC0-301F-11D3-BF4B-00C04F79EFBC}") = "ZMTP.NET.Tests", "ZMTP.NET.Tests\ZMTP.NET.Tests.csproj", "{F925D5AF-11DA-4F42-8F69-2E03E3F4B1CC}"
EndProject
Global
	GlobalSection(SolutionConfigurationPlatforms) = preSolution
		Debug|Any CPU = Debug|Any CPU
		Debug|ARM = Debug|ARM
		Debug|x64 = Debug|x64
		Debug|x86 = Debug|x86
		Release|Any CPU = Release|Any CPU
		Release|ARM = Release|ARM
		Release|x64 = Release|x64
		Release|x86 = Release|x86
	EndGlobalSection
	GlobalSection(ProjectConfigurationPlatforms) = postSolution
		{3060A61C-9841-428A-9696-5A1B69C9F3BC}.Debug|Any CPU.ActiveCfg = Debug|Any CPU
		{3060A61C-9841-428A-9696-5A1B69C9F3BC}.Debug|Any CPU.Build.0 = Debug|Any CPU
		{3060A61C-9841-428A-9696-5A1B69C9F3BC}.Debug|ARM.ActiveCfg = Debug|Any CPU
		{3060A61C-9841-428A-9696-5A1B69C9F3BC}.Debug|x64.ActiveCfg = Debug|Any CPU
		{3060A61C-9841-428A-9696-5A1B69C9F3BC}.Debug|x86.ActiveCfg = Debug|Any CPU
		{3060A61C-9841-428A-9696-5A1B69C9F3BC}.Release|Any CPU.ActiveCfg = Release|Any CPU
		{3060A61C-9841-428A-9696-5A1B69C9F3BC}.Release|Any CPU.Build.0 = Release|Any CPU
		{3060A61C-9841-428A-9696-5A1B69C9F3BC}.Release|ARM.ActiveCfg = Release|Any CPU
		{3060A61C-9841-428A-9696-5A1B69C9F3BC}.Release|x64.ActiveCfg = Release|Any CPU
		{3060A61C-9841-428A-9696-5A1B69C9F3BC}.Release|x86.ActiveCfg = Release|Any CPU
		{AB37259A-3C1E-4C98-A174-BBDEB62005CE}.Debug|Any CPU.ActiveCfg = Debug|Any CPU
		{AB37259A-3C1E-4C98-A174-BBDEB62005CE}.Debug|Any CPU.Build.0 = Debug|Any CPU
		{AB37259A-3C1E-4C98-A174-BBDEB62005CE}.Debug|ARM.ActiveCfg = Debug|Any CPU
		{AB37259A-3C1E-4C98-A174-BBDEB62005CE}.Debug|ARM.Build.0 = Debug|Any CPU
		{AB37259A-3C1E-4C98-A174-BBDEB62005CE}.Debug|x64.ActiveCfg = Debug|Any CPU
		{AB37259A-3C1E-4C98-A174-BBDEB62005CE}.Debug|x64.Build.0 = Debug|Any CPU
		{AB37259A-3C1E-4C98-A174-BBDEB62005CE}.Debug|x86.ActiveCfg = Debug|Any CPU
		{AB37259A-3C1E-4C98-A174-BBDEB62005CE}.Debug|x86.Build.0 = Debug|Any CPU
		{AB37259A-3C1E-4C98-A174-BBDEB62005CE}.Release|Any CPU.ActiveCfg = Release|Any CPU
		{AB37259A-3C1E-4C98-A174-BBDEB62005CE}.Release|Any CPU.Build.0 = Release|Any CPU
		{AB37259A-3C1E-4C98-A174-BBDEB62005CE}.Release|ARM.ActiveCfg = Release|Any CPU
		{AB37259A-3C1E-4C98-A174-BBDEB62005CE}.Release|ARM.Build.0 = Release|Any CPU
		{AB37259A-3C1E-4C98-A174-BBDEB62005CE}.Release|x64.ActiveCfg = Release|Any CPU
		{AB37259A-3C1E-4C98-A174-BBDEB62005CE}.Release|x64.Build.0 = Release|Any CPU
		{AB37259A-3C1E-4C98-A174-BBDEB62005CE}.Release|x86.ActiveCfg = Release|Any CPU
		{AB37259A-3C1E-4C98-A174-BBDEB62005CE}.Release|x86.Build.0 = Release|Any CPU
		{F925D5AF-11DA-4F42-8F69-2E03E3F4B1CC}.Debug|Any CPU.ActiveCfg = Debug|Any CPU
		{F925D5AF-11DA-4F42-8F69-2E03E3F4B1CC}.Debug|Any CPU.Build.0 = Debug|Any CPU
		{F925D5AF-11DA-4F42-8F69-2E03E3F4B1CC}.Debug|ARM.ActiveCfg = Debug|Any CPU
		{F925D5AF-11DA-4F42-8F69-2E03E3F4B1CC}.Debug|ARM.Build.0 = Debug|Any CPU
		{F925D5AF-11DA-4F42-8F69-2E03E3F4B1CC}.Debug|x64.ActiveCfg = Debug|Any CPU
		{F925D5AF-11DA-4F42-8F69-2E03E3F4B1CC}.Debug|x64.Build.0 = Debug|Any CPU
		{F925D5AF-11DA-4F42-8F69-2E03E3F4B1CC}.Debug|x86.ActiveCfg = Debug|Any CPU
		{F925D5AF-11DA-4F42-8F69-2E03E3F4B1CC}.Debug|x86.Build.0 = Debug|Any CPU
		{F925D5AF-11DA-4F42-8F69-2E03E3F4B1CC}.Release|Any CPU.ActiveCfg = Release|Any CPU
		{F925D5AF-11DA-4F42-8F69-2E03E3F4B1CC}.Release|Any CPU.Build.0 = Release|Any CPU
		{F925D5AF-11DA-4F42-8F69-2E03E3F4B1CC}.Release|ARM.ActiveCfg = Release|Any CPU
		{F925D5AF-11DA-4F42-8F69-2E03E3F4B1CC}.Release|ARM.Build.0 = Release|Any CPU
		{F925D5AF-11DA-4F42-8F69-2E03E3F4B1CC}.Release|x64.ActiveCfg = Release|Any CPU
		{F925D5AF-11DA-4F42-8F69-2E03E3F4B1CC}.Release|x64.Build.0 = Release|Any CPU
		{F925D5AF-11DA-4F42-8F69-2E03E3F4B1CC}.Release|x86.ActiveCfg = Release|Any CPU
		{F925D5AF-11DA-4F42-8F69-2E03E3F4B1CC}.Release|x86.Build.0 = Release|Any CPU
	EndGlobalSection
	GlobalSection(SolutionProperties) = preSolution
		HideSolutionNode = FALSE
	EndGlobalSection
EndGlobal
